{
  "name": "gaiman",
  "version": "0.1.0",
  "lockfileVersion": 2,
  "requires": true,
  "packages": {
    "": {
      "version": "0.1.0",
      "license": "MIT",
      "dependencies": {
        "@jcubic/lily": "^0.1.0"
      },
      "devDependencies": {
        "pegjs": "^0.10.0"
      }
    },
    "node_modules/@jcubic/lily": {
      "version": "0.1.0",
      "resolved": "https://registry.npmjs.org/@jcubic/lily/-/lily-0.1.0.tgz",
      "integrity": "sha512-kIsp4dmIUHn3YHIqFhEylY+mgI988KcYI8f19og7LqmLzkouPZNBip/oL8iemElie0gqx5CeQ5HxZv/SuNkOaA=="
    },
    "node_modules/pegjs": {
      "version": "0.10.0",
      "resolved": "https://registry.npmjs.org/pegjs/-/pegjs-0.10.0.tgz",
      "integrity": "sha1-z4uvrm7d/0tafvsYUmnqr0YQ3b0=",
      "dev": true,
      "bin": {
        "pegjs": "bin/pegjs"
      },
      "engines": {
        "node": ">=0.10"
      }
    }
  },
  "dependencies": {
    "@jcubic/lily": {
      "version": "0.1.0",
      "resolved": "https://registry.npmjs.org/@jcubic/lily/-/lily-0.1.0.tgz",
      "integrity": "sha512-kIsp4dmIUHn3YHIqFhEylY+mgI988KcYI8f19og7LqmLzkouPZNBip/oL8iemElie0gqx5CeQ5HxZv/SuNkOaA=="
    },
    "pegjs": {
      "version": "0.10.0",
      "resolved": "https://registry.npmjs.org/pegjs/-/pegjs-0.10.0.tgz",
      "integrity": "sha1-z4uvrm7d/0tafvsYUmnqr0YQ3b0=",
      "dev": true
    }
  }
}
